
Microsoft Visual Studio Solution File, Format Version 12.00
# Visual Studio Version 17
VisualStudioVersion = 17.11.35219.272
MinimumVisualStudioVersion = 10.0.40219.1
Project("{9A19103F-16F7-4668-BE54-9A1E7A4F7556}") = "uHelpDesk.Admin", "uHelpDesk.Admin\uHelpDesk.Admin.csproj", "{98102277-7B87-473E-96B3-78A6CC736F1A}"
EndProject
Project("{2150E333-8FDC-42A3-9474-1A3956D46DE8}") = "Source", "Source", "{594CF210-25E5-4C1C-8E1C-1AD9DDD4F907}"
EndProject
Project("{2150E333-8FDC-42A3-9474-1A3956D46DE8}") = "Test", "Test", "{8F6219F3-D803-400B-8FBC-FE6CF0D82EB5}"
EndProject
Project("{9A19103F-16F7-4668-BE54-9A1E7A4F7556}") = "uHelpDesk.BLL", "uHelpDesk.BLL\uHelpDesk.BLL.csproj", "{C5A41E80-C46B-4F87-9E28-3DC3F1E3ECEF}"
EndProject
Project("{9A19103F-16F7-4668-BE54-9A1E7A4F7556}") = "uHelpDesk.DAL", "uHelpDesk.DAL\uHelpDesk.DAL.csproj", "{F7E41F80-6A95-4CEA-A852-42899E6D2166}"
EndProject
Project("{9A19103F-16F7-4668-BE54-9A1E7A4F7556}") = "uHelpDesk.Models", "uHelpDesk.Models\uHelpDesk.Models.csproj", "{EC92FB10-EEED-4548-A5DF-7F7B0C77E0CB}"
EndProject
Project("{9A19103F-16F7-4668-BE54-9A1E7A4F7556}") = "uHelpDesk.Models.Test", "uHelpDesk.Models.Test\uHelpDesk.Models.Test.csproj", "{7FBAFC90-428D-4FD4-BCAD-2219A97F4EA7}"
EndProject
Project("{9A19103F-16F7-4668-BE54-9A1E7A4F7556}") = "uHelpDesk.BLL.Test", "uHelpDesk.BLL.Test\uHelpDesk.BLL.Test.csproj", "{4BD19DAB-72CF-45C5-BCEA-A82D12592081}"
EndProject
Project("{9A19103F-16F7-4668-BE54-9A1E7A4F7556}") = "uHelpDesk.DAL.Test", "uHelpDesk.DAL.Test\uHelpDesk.DAL.Test.csproj", "{3F813C78-E668-4369-B860-8BBECC260F49}"
EndProject
Project("{9A19103F-16F7-4668-BE54-9A1E7A4F7556}") = "uHelpDesk.Admin.Test", "uHelpDesk.Admin.Test\uHelpDesk.Admin.Test.csproj", "{4A4CD21C-B7DC-43F3-9900-E358EFB33813}"
EndProject
Project("{FAE04EC0-301F-11D3-BF4B-00C04F79EFBC}") = "uHelpDesk.Utilities", "uHelpDesk.Utilities\uHelpDesk.Utilities.csproj", "{D6F7C9F9-CC3D-4B0A-98B4-D02EB8D1043F}"
EndProject
Global
	GlobalSection(SolutionConfigurationPlatforms) = preSolution
		Debug|Any CPU = Debug|Any CPU
		Release|Any CPU = Release|Any CPU
	EndGlobalSection
	GlobalSection(ProjectConfigurationPlatforms) = postSolution
		{98102277-7B87-473E-96B3-78A6CC736F1A}.Debug|Any CPU.ActiveCfg = Debug|Any CPU
		{98102277-7B87-473E-96B3-78A6CC736F1A}.Debug|Any CPU.Build.0 = Debug|Any CPU
		{98102277-7B87-473E-96B3-78A6CC736F1A}.Release|Any CPU.ActiveCfg = Release|Any CPU
		{98102277-7B87-473E-96B3-78A6CC736F1A}.Release|Any CPU.Build.0 = Release|Any CPU
		{C5A41E80-C46B-4F87-9E28-3DC3F1E3ECEF}.Debug|Any CPU.ActiveCfg = Debug|Any CPU
		{C5A41E80-C46B-4F87-9E28-3DC3F1E3ECEF}.Debug|Any CPU.Build.0 = Debug|Any CPU
		{C5A41E80-C46B-4F87-9E28-3DC3F1E3ECEF}.Release|Any CPU.ActiveCfg = Release|Any CPU
		{C5A41E80-C46B-4F87-9E28-3DC3F1E3ECEF}.Release|Any CPU.Build.0 = Release|Any CPU
		{F7E41F80-6A95-4CEA-A852-42899E6D2166}.Debug|Any CPU.ActiveCfg = Debug|Any CPU
		{F7E41F80-6A95-4CEA-A852-42899E6D2166}.Debug|Any CPU.Build.0 = Debug|Any CPU
		{F7E41F80-6A95-4CEA-A852-42899E6D2166}.Release|Any CPU.ActiveCfg = Release|Any CPU
		{F7E41F80-6A95-4CEA-A852-42899E6D2166}.Release|Any CPU.Build.0 = Release|Any CPU
		{EC92FB10-EEED-4548-A5DF-7F7B0C77E0CB}.Debug|Any CPU.ActiveCfg = Debug|Any CPU
		{EC92FB10-EEED-4548-A5DF-7F7B0C77E0CB}.Debug|Any CPU.Build.0 = Debug|Any CPU
		{EC92FB10-EEED-4548-A5DF-7F7B0C77E0CB}.Release|Any CPU.ActiveCfg = Release|Any CPU
		{EC92FB10-EEED-4548-A5DF-7F7B0C77E0CB}.Release|Any CPU.Build.0 = Release|Any CPU
		{7FBAFC90-428D-4FD4-BCAD-2219A97F4EA7}.Debug|Any CPU.ActiveCfg = Debug|Any CPU
		{7FBAFC90-428D-4FD4-BCAD-2219A97F4EA7}.Debug|Any CPU.Build.0 = Debug|Any CPU
		{7FBAFC90-428D-4FD4-BCAD-2219A97F4EA7}.Release|Any CPU.ActiveCfg = Release|Any CPU
		{7FBAFC90-428D-4FD4-BCAD-2219A97F4EA7}.Release|Any CPU.Build.0 = Release|Any CPU
		{4BD19DAB-72CF-45C5-BCEA-A82D12592081}.Debug|Any CPU.ActiveCfg = Debug|Any CPU
		{4BD19DAB-72CF-45C5-BCEA-A82D12592081}.Debug|Any CPU.Build.0 = Debug|Any CPU
		{4BD19DAB-72CF-45C5-BCEA-A82D12592081}.Release|Any CPU.ActiveCfg = Release|Any CPU
		{4BD19DAB-72CF-45C5-BCEA-A82D12592081}.Release|Any CPU.Build.0 = Release|Any CPU
		{3F813C78-E668-4369-B860-8BBECC260F49}.Debug|Any CPU.ActiveCfg = Debug|Any CPU
		{3F813C78-E668-4369-B860-8BBECC260F49}.Debug|Any CPU.Build.0 = Debug|Any CPU
		{3F813C78-E668-4369-B860-8BBECC260F49}.Release|Any CPU.ActiveCfg = Release|Any CPU
		{3F813C78-E668-4369-B860-8BBECC260F49}.Release|Any CPU.Build.0 = Release|Any CPU
		{4A4CD21C-B7DC-43F3-9900-E358EFB33813}.Debug|Any CPU.ActiveCfg = Debug|Any CPU
		{4A4CD21C-B7DC-43F3-9900-E358EFB33813}.Debug|Any CPU.Build.0 = Debug|Any CPU
		{4A4CD21C-B7DC-43F3-9900-E358EFB33813}.Release|Any CPU.ActiveCfg = Release|Any CPU
		{4A4CD21C-B7DC-43F3-9900-E358EFB33813}.Release|Any CPU.Build.0 = Release|Any CPU
		{D6F7C9F9-CC3D-4B0A-98B4-D02EB8D1043F}.Debug|Any CPU.ActiveCfg = Debug|Any CPU
		{D6F7C9F9-CC3D-4B0A-98B4-D02EB8D1043F}.Debug|Any CPU.Build.0 = Debug|Any CPU
		{D6F7C9F9-CC3D-4B0A-98B4-D02EB8D1043F}.Release|Any CPU.ActiveCfg = Release|Any CPU
		{D6F7C9F9-CC3D-4B0A-98B4-D02EB8D1043F}.Release|Any CPU.Build.0 = Release|Any CPU
	EndGlobalSection
	GlobalSection(SolutionProperties) = preSolution
		HideSolutionNode = FALSE
	EndGlobalSection
	GlobalSection(NestedProjects) = preSolution
		{98102277-7B87-473E-96B3-78A6CC736F1A} = {594CF210-25E5-4C1C-8E1C-1AD9DDD4F907}
		{C5A41E80-C46B-4F87-9E28-3DC3F1E3ECEF} = {594CF210-25E5-4C1C-8E1C-1AD9DDD4F907}
		{F7E41F80-6A95-4CEA-A852-42899E6D2166} = {594CF210-25E5-4C1C-8E1C-1AD9DDD4F907}
		{EC92FB10-EEED-4548-A5DF-7F7B0C77E0CB} = {594CF210-25E5-4C1C-8E1C-1AD9DDD4F907}
		{7FBAFC90-428D-4FD4-BCAD-2219A97F4EA7} = {8F6219F3-D803-400B-8FBC-FE6CF0D82EB5}
		{4BD19DAB-72CF-45C5-BCEA-A82D12592081} = {8F6219F3-D803-400B-8FBC-FE6CF0D82EB5}
		{3F813C78-E668-4369-B860-8BBECC260F49} = {8F6219F3-D803-400B-8FBC-FE6CF0D82EB5}
		{4A4CD21C-B7DC-43F3-9900-E358EFB33813} = {8F6219F3-D803-400B-8FBC-FE6CF0D82EB5}
		{D6F7C9F9-CC3D-4B0A-98B4-D02EB8D1043F} = {594CF210-25E5-4C1C-8E1C-1AD9DDD4F907}
	EndGlobalSection
	GlobalSection(ExtensibilityGlobals) = postSolution
		SolutionGuid = {9B6A526E-6E91-4433-8FB0-810A64B35DA3}
	EndGlobalSection
EndGlobal
